// !$*UTF8*$!
{
	archiveVersion = 1;
	classes = {
	};
	objectVersion = 50;
	objects = {

/* Begin PBXBuildFile section */
		DB80133D20DDDA290019AB60 /* TickerViewController.swift in Sources */ = {isa = PBXBuildFile; fileRef = DB80133C20DDDA290019AB60 /* TickerViewController.swift */; };
		DB827C2320CB51940034863F /* AppDelegate.swift in Sources */ = {isa = PBXBuildFile; fileRef = DB827C2220CB51940034863F /* AppDelegate.swift */; };
		DB827C2820CB51940034863F /* Main.storyboard in Resources */ = {isa = PBXBuildFile; fileRef = DB827C2620CB51940034863F /* Main.storyboard */; };
		DB827C2A20CB51970034863F /* Assets.xcassets in Resources */ = {isa = PBXBuildFile; fileRef = DB827C2920CB51970034863F /* Assets.xcassets */; };
		DB827C2D20CB51970034863F /* LaunchScreen.storyboard in Resources */ = {isa = PBXBuildFile; fileRef = DB827C2B20CB51970034863F /* LaunchScreen.storyboard */; };
		DB827C3520CF47140034863F /* Ticker.swift in Sources */ = {isa = PBXBuildFile; fileRef = DB827C3420CF47140034863F /* Ticker.swift */; };
		DB8E008220E9A00100937ABB /* tickTests.swift in Sources */ = {isa = PBXBuildFile; fileRef = DB8E008120E9A00100937ABB /* tickTests.swift */; };
		DB8E008A20E9AED200937ABB /* testTicker.swift in Sources */ = {isa = PBXBuildFile; fileRef = DB8E008920E9AED200937ABB /* testTicker.swift */; };
		DBDE649520CF51770066A4B8 /* TickersTableViewController.swift in Sources */ = {isa = PBXBuildFile; fileRef = DBDE649420CF51770066A4B8 /* TickersTableViewController.swift */; };
		DBDE649720D893ED0066A4B8 /* TickerTableViewCell.swift in Sources */ = {isa = PBXBuildFile; fileRef = DBDE649620D893ED0066A4B8 /* TickerTableViewCell.swift */; };
/* End PBXBuildFile section */

/* Begin PBXContainerItemProxy section */
		DB8E008420E9A00100937ABB /* PBXContainerItemProxy */ = {
			isa = PBXContainerItemProxy;
			containerPortal = DB827C1720CB51930034863F /* Project object */;
			proxyType = 1;
			remoteGlobalIDString = DB827C1E20CB51930034863F;
			remoteInfo = tick;
		};
/* End PBXContainerItemProxy section */

/* Begin PBXFileReference section */
		DB80133C20DDDA290019AB60 /* TickerViewController.swift */ = {isa = PBXFileReference; lastKnownFileType = sourcecode.swift; path = TickerViewController.swift; sourceTree = "<group>"; };
		DB827C1F20CB51930034863F /* tick.app */ = {isa = PBXFileReference; explicitFileType = wrapper.application; includeInIndex = 0; path = tick.app; sourceTree = BUILT_PRODUCTS_DIR; };
		DB827C2220CB51940034863F /* AppDelegate.swift */ = {isa = PBXFileReference; lastKnownFileType = sourcecode.swift; path = AppDelegate.swift; sourceTree = "<group>"; };
		DB827C2720CB51940034863F /* Base */ = {isa = PBXFileReference; lastKnownFileType = file.storyboard; name = Base; path = Base.lproj/Main.storyboard; sourceTree = "<group>"; };
		DB827C2920CB51970034863F /* Assets.xcassets */ = {isa = PBXFileReference; lastKnownFileType = folder.assetcatalog; path = Assets.xcassets; sourceTree = "<group>"; };
		DB827C2C20CB51970034863F /* Base */ = {isa = PBXFileReference; lastKnownFileType = file.storyboard; name = Base; path = Base.lproj/LaunchScreen.storyboard; sourceTree = "<group>"; };
		DB827C2E20CB51970034863F /* Info.plist */ = {isa = PBXFileReference; lastKnownFileType = text.plist.xml; path = Info.plist; sourceTree = "<group>"; };
		DB827C3420CF47140034863F /* Ticker.swift */ = {isa = PBXFileReference; lastKnownFileType = sourcecode.swift; path = Ticker.swift; sourceTree = "<group>"; };
		DB8E007F20E9A00100937ABB /* tickTests.xctest */ = {isa = PBXFileReference; explicitFileType = wrapper.cfbundle; includeInIndex = 0; path = tickTests.xctest; sourceTree = BUILT_PRODUCTS_DIR; };
		DB8E008120E9A00100937ABB /* tickTests.swift */ = {isa = PBXFileReference; lastKnownFileType = sourcecode.swift; path = tickTests.swift; sourceTree = "<group>"; };
		DB8E008320E9A00100937ABB /* Info.plist */ = {isa = PBXFileReference; lastKnownFileType = text.plist.xml; path = Info.plist; sourceTree = "<group>"; };
		DB8E008920E9AED200937ABB /* testTicker.swift */ = {isa = PBXFileReference; lastKnownFileType = sourcecode.swift; path = testTicker.swift; sourceTree = "<group>"; };
		DBDE649420CF51770066A4B8 /* TickersTableViewController.swift */ = {isa = PBXFileReference; lastKnownFileType = sourcecode.swift; path = TickersTableViewController.swift; sourceTree = "<group>"; };
		DBDE649620D893ED0066A4B8 /* TickerTableViewCell.swift */ = {isa = PBXFileReference; lastKnownFileType = sourcecode.swift; path = TickerTableViewCell.swift; sourceTree = "<group>"; };
/* End PBXFileReference section */

/* Begin PBXFrameworksBuildPhase section */
		DB827C1C20CB51930034863F /* Frameworks */ = {
			isa = PBXFrameworksBuildPhase;
			buildActionMask = 2147483647;
			files = (
			);
			runOnlyForDeploymentPostprocessing = 0;
		};
		DB8E007C20E9A00100937ABB /* Frameworks */ = {
			isa = PBXFrameworksBuildPhase;
			buildActionMask = 2147483647;
			files = (
			);
			runOnlyForDeploymentPostprocessing = 0;
		};
/* End PBXFrameworksBuildPhase section */

/* Begin PBXGroup section */
		DB827C1620CB51930034863F = {
			isa = PBXGroup;
			children = (
				DB827C2120CB51930034863F /* tick */,
				DB8E008020E9A00100937ABB /* tickTests */,
				DB827C2020CB51930034863F /* Products */,
			);
			sourceTree = "<group>";
		};
		DB827C2020CB51930034863F /* Products */ = {
			isa = PBXGroup;
			children = (
				DB827C1F20CB51930034863F /* tick.app */,
				DB8E007F20E9A00100937ABB /* tickTests.xctest */,
			);
			name = Products;
			sourceTree = "<group>";
		};
		DB827C2120CB51930034863F /* tick */ = {
			isa = PBXGroup;
			children = (
				DBDE649620D893ED0066A4B8 /* TickerTableViewCell.swift */,
				DBDE649420CF51770066A4B8 /* TickersTableViewController.swift */,
				DB827C2220CB51940034863F /* AppDelegate.swift */,
				DB80133C20DDDA290019AB60 /* TickerViewController.swift */,
				DB827C2620CB51940034863F /* Main.storyboard */,
				DB827C3420CF47140034863F /* Ticker.swift */,
				DB827C2920CB51970034863F /* Assets.xcassets */,
				DB827C2B20CB51970034863F /* LaunchScreen.storyboard */,
				DB827C2E20CB51970034863F /* Info.plist */,
			);
			path = tick;
			sourceTree = "<group>";
		};
		DB8E008020E9A00100937ABB /* tickTests */ = {
			isa = PBXGroup;
			children = (
				DB8E008920E9AED200937ABB /* testTicker.swift */,
				DB8E008120E9A00100937ABB /* tickTests.swift */,
				DB8E008320E9A00100937ABB /* Info.plist */,
			);
			path = tickTests;
			sourceTree = "<group>";
		};
/* End PBXGroup section */

/* Begin PBXNativeTarget section */
		DB827C1E20CB51930034863F /* tick */ = {
			isa = PBXNativeTarget;
			buildConfigurationList = DB827C3120CB51970034863F /* Build configuration list for PBXNativeTarget "tick" */;
			buildPhases = (
				DB827C1B20CB51930034863F /* Sources */,
				DB827C1C20CB51930034863F /* Frameworks */,
				DB827C1D20CB51930034863F /* Resources */,
			);
			buildRules = (
			);
			dependencies = (
			);
			name = tick;
			productName = tick;
			productReference = DB827C1F20CB51930034863F /* tick.app */;
			productType = "com.apple.product-type.application";
		};
		DB8E007E20E9A00100937ABB /* tickTests */ = {
			isa = PBXNativeTarget;
			buildConfigurationList = DB8E008620E9A00100937ABB /* Build configuration list for PBXNativeTarget "tickTests" */;
			buildPhases = (
				DB8E007B20E9A00100937ABB /* Sources */,
				DB8E007C20E9A00100937ABB /* Frameworks */,
				DB8E007D20E9A00100937ABB /* Resources */,
			);
			buildRules = (
			);
			dependencies = (
				DB8E008520E9A00100937ABB /* PBXTargetDependency */,
			);
			name = tickTests;
			productName = tickTests;
			productReference = DB8E007F20E9A00100937ABB /* tickTests.xctest */;
			productType = "com.apple.product-type.bundle.unit-test";
		};
/* End PBXNativeTarget section */

/* Begin PBXProject section */
		DB827C1720CB51930034863F /* Project object */ = {
			isa = PBXProject;
			attributes = {
				LastSwiftUpdateCheck = 0940;
				LastUpgradeCheck = 0930;
				ORGANIZATIONNAME = "Martin Calvert";
				TargetAttributes = {
					DB827C1E20CB51930034863F = {
						CreatedOnToolsVersion = 9.3.1;
						LastSwiftMigration = 1000;
					};
					DB8E007E20E9A00100937ABB = {
						CreatedOnToolsVersion = 9.4.1;
						TestTargetID = DB827C1E20CB51930034863F;
					};
				};
			};
			buildConfigurationList = DB827C1A20CB51930034863F /* Build configuration list for PBXProject "tick" */;
			compatibilityVersion = "Xcode 9.3";
			developmentRegion = en;
			hasScannedForEncodings = 0;
			knownRegions = (
				en,
				Base,
			);
			mainGroup = DB827C1620CB51930034863F;
			productRefGroup = DB827C2020CB51930034863F /* Products */;
			projectDirPath = "";
			projectRoot = "";
			targets = (
				DB827C1E20CB51930034863F /* tick */,
				DB8E007E20E9A00100937ABB /* tickTests */,
			);
		};
/* End PBXProject section */

/* Begin PBXResourcesBuildPhase section */
		DB827C1D20CB51930034863F /* Resources */ = {
			isa = PBXResourcesBuildPhase;
			buildActionMask = 2147483647;
			files = (
				DB827C2D20CB51970034863F /* LaunchScreen.storyboard in Resources */,
				DB827C2A20CB51970034863F /* Assets.xcassets in Resources */,
				DB827C2820CB51940034863F /* Main.storyboard in Resources */,
			);
			runOnlyForDeploymentPostprocessing = 0;
		};
		DB8E007D20E9A00100937ABB /* Resources */ = {
			isa = PBXResourcesBuildPhase;
			buildActionMask = 2147483647;
			files = (
			);
			runOnlyForDeploymentPostprocessing = 0;
		};
/* End PBXResourcesBuildPhase section */

/* Begin PBXSourcesBuildPhase section */
		DB827C1B20CB51930034863F /* Sources */ = {
			isa = PBXSourcesBuildPhase;
			buildActionMask = 2147483647;
			files = (
				DBDE649520CF51770066A4B8 /* TickersTableViewController.swift in Sources */,
				DB80133D20DDDA290019AB60 /* TickerViewController.swift in Sources */,
				DBDE649720D893ED0066A4B8 /* TickerTableViewCell.swift in Sources */,
				DB827C3520CF47140034863F /* Ticker.swift in Sources */,
				DB827C2320CB51940034863F /* AppDelegate.swift in Sources */,
			);
			runOnlyForDeploymentPostprocessing = 0;
		};
		DB8E007B20E9A00100937ABB /* Sources */ = {
			isa = PBXSourcesBuildPhase;
			buildActionMask = 2147483647;
			files = (
				DB8E008220E9A00100937ABB /* tickTests.swift in Sources */,
				DB8E008A20E9AED200937ABB /* testTicker.swift in Sources */,
			);
			runOnlyForDeploymentPostprocessing = 0;
		};
/* End PBXSourcesBuildPhase section */

/* Begin PBXTargetDependency section */
		DB8E008520E9A00100937ABB /* PBXTargetDependency */ = {
			isa = PBXTargetDependency;
			target = DB827C1E20CB51930034863F /* tick */;
			targetProxy = DB8E008420E9A00100937ABB /* PBXContainerItemProxy */;
		};
/* End PBXTargetDependency section */

/* Begin PBXVariantGroup section */
		DB827C2620CB51940034863F /* Main.storyboard */ = {
			isa = PBXVariantGroup;
			children = (
				DB827C2720CB51940034863F /* Base */,
			);
			name = Main.storyboard;
			sourceTree = "<group>";
		};
		DB827C2B20CB51970034863F /* LaunchScreen.storyboard */ = {
			isa = PBXVariantGroup;
			children = (
				DB827C2C20CB51970034863F /* Base */,
			);
			name = LaunchScreen.storyboard;
			sourceTree = "<group>";
		};
/* End PBXVariantGroup section */

/* Begin XCBuildConfiguration section */
		DB827C2F20CB51970034863F /* Debug */ = {
			isa = XCBuildConfiguration;
			buildSettings = {
				ALWAYS_SEARCH_USER_PATHS = NO;
				CLANG_ANALYZER_NONNULL = YES;
				CLANG_ANALYZER_NUMBER_OBJECT_CONVERSION = YES_AGGRESSIVE;
				CLANG_CXX_LANGUAGE_STANDARD = "gnu++14";
				CLANG_CXX_LIBRARY = "libc++";
				CLANG_ENABLE_MODULES = YES;
				CLANG_ENABLE_OBJC_ARC = YES;
				CLANG_ENABLE_OBJC_WEAK = YES;
				CLANG_WARN_BLOCK_CAPTURE_AUTORELEASING = YES;
				CLANG_WARN_BOOL_CONVERSION = YES;
				CLANG_WARN_COMMA = YES;
				CLANG_WARN_CONSTANT_CONVERSION = YES;
				CLANG_WARN_DEPRECATED_OBJC_IMPLEMENTATIONS = YES;
				CLANG_WARN_DIRECT_OBJC_ISA_USAGE = YES_ERROR;
				CLANG_WARN_DOCUMENTATION_COMMENTS = YES;
				CLANG_WARN_EMPTY_BODY = YES;
				CLANG_WARN_ENUM_CONVERSION = YES;
				CLANG_WARN_INFINITE_RECURSION = YES;
				CLANG_WARN_INT_CONVERSION = YES;
				CLANG_WARN_NON_LITERAL_NULL_CONVERSION = YES;
				CLANG_WARN_OBJC_IMPLICIT_RETAIN_SELF = YES;
				CLANG_WARN_OBJC_LITERAL_CONVERSION = YES;
				CLANG_WARN_OBJC_ROOT_CLASS = YES_ERROR;
				CLANG_WARN_RANGE_LOOP_ANALYSIS = YES;
				CLANG_WARN_STRICT_PROTOTYPES = YES;
				CLANG_WARN_SUSPICIOUS_MOVE = YES;
				CLANG_WARN_UNGUARDED_AVAILABILITY = YES_AGGRESSIVE;
				CLANG_WARN_UNREACHABLE_CODE = YES;
				CLANG_WARN__DUPLICATE_METHOD_MATCH = YES;
				CODE_SIGN_IDENTITY = "iPhone Developer";
				COPY_PHASE_STRIP = NO;
				DEBUG_INFORMATION_FORMAT = dwarf;
				ENABLE_STRICT_OBJC_MSGSEND = YES;
				ENABLE_TESTABILITY = YES;
				GCC_C_LANGUAGE_STANDARD = gnu11;
				GCC_DYNAMIC_NO_PIC = NO;
				GCC_NO_COMMON_BLOCKS = YES;
				GCC_OPTIMIZATION_LEVEL = 0;
				GCC_PREPROCESSOR_DEFINITIONS = (
					"DEBUG=1",
					"$(inherited)",
				);
				GCC_WARN_64_TO_32_BIT_CONVERSION = YES;
				GCC_WARN_ABOUT_RETURN_TYPE = YES_ERROR;
				GCC_WARN_UNDECLARED_SELECTOR = YES;
				GCC_WARN_UNINITIALIZED_AUTOS = YES_AGGRESSIVE;
				GCC_WARN_UNUSED_FUNCTION = YES;
				GCC_WARN_UNUSED_VARIABLE = YES;
				IPHONEOS_DEPLOYMENT_TARGET = 11.3;
				MTL_ENABLE_DEBUG_INFO = YES;
				ONLY_ACTIVE_ARCH = YES;
				SDKROOT = iphoneos;
				SWIFT_ACTIVE_COMPILATION_CONDITIONS = DEBUG;
				SWIFT_OPTIMIZATION_LEVEL = "-Onone";
			};
			name = Debug;
		};
		DB827C3020CB51970034863F /* Release */ = {
			isa = XCBuildConfiguration;
			buildSettings = {
				ALWAYS_SEARCH_USER_PATHS = NO;
				CLANG_ANALYZER_NONNULL = YES;
				CLANG_ANALYZER_NUMBER_OBJECT_CONVERSION = YES_AGGRESSIVE;
				CLANG_CXX_LANGUAGE_STANDARD = "gnu++14";
				CLANG_CXX_LIBRARY = "libc++";
				CLANG_ENABLE_MODULES = YES;
				CLANG_ENABLE_OBJC_ARC = YES;
				CLANG_ENABLE_OBJC_WEAK = YES;
				CLANG_WARN_BLOCK_CAPTURE_AUTORELEASING = YES;
				CLANG_WARN_BOOL_CONVERSION = YES;
				CLANG_WARN_COMMA = YES;
				CLANG_WARN_CONSTANT_CONVERSION = YES;
				CLANG_WARN_DEPRECATED_OBJC_IMPLEMENTATIONS = YES;
				CLANG_WARN_DIRECT_OBJC_ISA_USAGE = YES_ERROR;
				CLANG_WARN_DOCUMENTATION_COMMENTS = YES;
				CLANG_WARN_EMPTY_BODY = YES;
				CLANG_WARN_ENUM_CONVERSION = YES;
				CLANG_WARN_INFINITE_RECURSION = YES;
				CLANG_WARN_INT_CONVERSION = YES;
				CLANG_WARN_NON_LITERAL_NULL_CONVERSION = YES;
				CLANG_WARN_OBJC_IMPLICIT_RETAIN_SELF = YES;
				CLANG_WARN_OBJC_LITERAL_CONVERSION = YES;
				CLANG_WARN_OBJC_ROOT_CLASS = YES_ERROR;
				CLANG_WARN_RANGE_LOOP_ANALYSIS = YES;
				CLANG_WARN_STRICT_PROTOTYPES = YES;
				CLANG_WARN_SUSPICIOUS_MOVE = YES;
				CLANG_WARN_UNGUARDED_AVAILABILITY = YES_AGGRESSIVE;
				CLANG_WARN_UNREACHABLE_CODE = YES;
				CLANG_WARN__DUPLICATE_METHOD_MATCH = YES;
				CODE_SIGN_IDENTITY = "iPhone Developer";
				COPY_PHASE_STRIP = NO;
				DEBUG_INFORMATION_FORMAT = "dwarf-with-dsym";
				ENABLE_NS_ASSERTIONS = NO;
				ENABLE_STRICT_OBJC_MSGSEND = YES;
				GCC_C_LANGUAGE_STANDARD = gnu11;
				GCC_NO_COMMON_BLOCKS = YES;
				GCC_WARN_64_TO_32_BIT_CONVERSION = YES;
				GCC_WARN_ABOUT_RETURN_TYPE = YES_ERROR;
				GCC_WARN_UNDECLARED_SELECTOR = YES;
				GCC_WARN_UNINITIALIZED_AUTOS = YES_AGGRESSIVE;
				GCC_WARN_UNUSED_FUNCTION = YES;
				GCC_WARN_UNUSED_VARIABLE = YES;
				IPHONEOS_DEPLOYMENT_TARGET = 11.3;
				MTL_ENABLE_DEBUG_INFO = NO;
				SDKROOT = iphoneos;
				SWIFT_COMPILATION_MODE = wholemodule;
				SWIFT_OPTIMIZATION_LEVEL = "-O";
				VALIDATE_PRODUCT = YES;
			};
			name = Release;
		};
		DB827C3220CB51970034863F /* Debug */ = {
			isa = XCBuildConfiguration;
			buildSettings = {
				ASSETCATALOG_COMPILER_APPICON_NAME = AppIcon;
				CODE_SIGN_STYLE = Automatic;
				DEVELOPMENT_TEAM = E33ZQZLW6Z;
				INFOPLIST_FILE = tick/Info.plist;
				IPHONEOS_DEPLOYMENT_TARGET = 11.3;
				LD_RUNPATH_SEARCH_PATHS = (
					"$(inherited)",
					"@executable_path/Frameworks",
				);
				PRODUCT_BUNDLE_IDENTIFIER = io.martincalvert.tick;
				PRODUCT_NAME = "$(TARGET_NAME)";
				SWIFT_VERSION = 4.2;
				TARGETED_DEVICE_FAMILY = "1,2";
			};
			name = Debug;
		};
		DB827C3320CB51970034863F /* Release */ = {
			isa = XCBuildConfiguration;
			buildSettings = {
				ASSETCATALOG_COMPILER_APPICON_NAME = AppIcon;
				CODE_SIGN_STYLE = Automatic;
				DEVELOPMENT_TEAM = E33ZQZLW6Z;
				INFOPLIST_FILE = tick/Info.plist;
				IPHONEOS_DEPLOYMENT_TARGET = 11.3;
				LD_RUNPATH_SEARCH_PATHS = (
					"$(inherited)",
					"@executable_path/Frameworks",
				);
				PRODUCT_BUNDLE_IDENTIFIER = io.martincalvert.tick;
				PRODUCT_NAME = "$(TARGET_NAME)";
				SWIFT_VERSION = 4.2;
				TARGETED_DEVICE_FAMILY = "1,2";
			};
			name = Release;
		};
		DB8E008720E9A00100937ABB /* Debug */ = {
			isa = XCBuildConfiguration;
			buildSettings = {
				BUNDLE_LOADER = "$(TEST_HOST)";
				CODE_SIGN_STYLE = Automatic;
				DEVELOPMENT_TEAM = E33ZQZLW6Z;
				INFOPLIST_FILE = tickTests/Info.plist;
				IPHONEOS_DEPLOYMENT_TARGET = 11.4;
				LD_RUNPATH_SEARCH_PATHS = (
					"$(inherited)",
					"@executable_path/Frameworks",
					"@loader_path/Frameworks",
				);
				PRODUCT_BUNDLE_IDENTIFIER = io.martincalvert.tickTests;
				PRODUCT_NAME = "$(TARGET_NAME)";
				SWIFT_VERSION = 4.0;
				TARGETED_DEVICE_FAMILY = "1,2";
				TEST_HOST = "$(BUILT_PRODUCTS_DIR)/tick.app/tick";
			};
			name = Debug;
		};
		DB8E008820E9A00100937ABB /* Release */ = {
			isa = XCBuildConfiguration;
			buildSettings = {
				BUNDLE_LOADER = "$(TEST_HOST)";
				CODE_SIGN_STYLE = Automatic;
				DEVELOPMENT_TEAM = E33ZQZLW6Z;
				INFOPLIST_FILE = tickTests/Info.plist;
				IPHONEOS_DEPLOYMENT_TARGET = 11.4;
				LD_RUNPATH_SEARCH_PATHS = (
					"$(inherited)",
					"@executable_path/Frameworks",
					"@loader_path/Frameworks",
				);
				PRODUCT_BUNDLE_IDENTIFIER = io.martincalvert.tickTests;
				PRODUCT_NAME = "$(TARGET_NAME)";
				SWIFT_VERSION = 4.0;
				TARGETED_DEVICE_FAMILY = "1,2";
				TEST_HOST = "$(BUILT_PRODUCTS_DIR)/tick.app/tick";
			};
			name = Release;
		};
/* End XCBuildConfiguration section */

/* Begin XCConfigurationList section */
		DB827C1A20CB51930034863F /* Build configuration list for PBXProject "tick" */ = {
			isa = XCConfigurationList;
			buildConfigurations = (
				DB827C2F20CB51970034863F /* Debug */,
				DB827C3020CB51970034863F /* Release */,
			);
			defaultConfigurationIsVisible = 0;
			defaultConfigurationName = Release;
		};
		DB827C3120CB51970034863F /* Build configuration list for PBXNativeTarget "tick" */ = {
			isa = XCConfigurationList;
			buildConfigurations = (
				DB827C3220CB51970034863F /* Debug */,
				DB827C3320CB51970034863F /* Release */,
			);
			defaultConfigurationIsVisible = 0;
			defaultConfigurationName = Release;
		};
		DB8E008620E9A00100937ABB /* Build configuration list for PBXNativeTarget "tickTests" */ = {
			isa = XCConfigurationList;
			buildConfigurations = (
				DB8E008720E9A00100937ABB /* Debug */,
				DB8E008820E9A00100937ABB /* Release */,
			);
			defaultConfigurationIsVisible = 0;
			defaultConfigurationName = Release;
		};
/* End XCConfigurationList section */
	};
	rootObject = DB827C1720CB51930034863F /* Project object */;
}
